
Microsoft Visual Studio Solution File, Format Version 12.00
# Visual Studio Version 16
VisualStudioVersion = 16.0.29613.14
MinimumVisualStudioVersion = 10.0.40219.1
Project("{D2ABAB84-BF74-430A-B69E-9DC6D40DDA17}") = "Sales_SSAS_Project", "Sales_SSAS_Project\Sales_SSAS_Project.dwproj", "{B0E50336-DCFA-4C70-92EB-43B52DB705C8}"
EndProject
Global
	GlobalSection(SolutionConfigurationPlatforms) = preSolution
		Development|Default = Development|Default
	EndGlobalSection
	GlobalSection(ProjectConfigurationPlatforms) = postSolution
		{B0E50336-DCFA-4C70-92EB-43B52DB705C8}.Development|Default.ActiveCfg = Development
		{B0E50336-DCFA-4C70-92EB-43B52DB705C8}.Development|Default.Build.0 = Development
		{B0E50336-DCFA-4C70-92EB-43B52DB705C8}.Development|Default.Deploy.0 = Development
	EndGlobalSection
	GlobalSection(SolutionProperties) = preSolution
		HideSolutionNode = FALSE
	EndGlobalSection
	GlobalSection(ExtensibilityGlobals) = postSolution
		SolutionGuid = {F128AE82-3A64-495B-A4A4-E1CEBD971D35}
	EndGlobalSection
EndGlobal
